
Microsoft Visual Studio Solution File, Format Version 11.00
# Visual Studio 2010
Project("{FAE04EC0-301F-11D3-BF4B-00C04F79EFBC}") = "Assembly-CSharp", "Assembly-CSharp.csproj", "{E5B1EED7-7EC1-BF6A-A97B-68960834CCB3}"
EndProject
Project("{FAE04EC0-301F-11D3-BF4B-00C04F79EFBC}") = "Assembly-CSharp-firstpass", "Assembly-CSharp-firstpass.csproj", "{EE3D223D-55FB-9801-7070-2C4ED9A74CEC}"
EndProject
Project("{FAE04EC0-301F-11D3-BF4B-00C04F79EFBC}") = "Assembly-CSharp-Editor", "Assembly-CSharp-Editor.csproj", "{2A3D6751-5492-A221-1D26-EAFB264F4D3C}"
EndProject
Global
	GlobalSection(SolutionConfigurationPlatforms) = preSolution
		Debug|Any CPU = Debug|Any CPU
		Release|Any CPU = Release|Any CPU
	EndGlobalSection
	GlobalSection(ProjectConfigurationPlatforms) = postSolution
		{E5B1EED7-7EC1-BF6A-A97B-68960834CCB3}.Debug|Any CPU.ActiveCfg = Debug|Any CPU
		{E5B1EED7-7EC1-BF6A-A97B-68960834CCB3}.Debug|Any CPU.Build.0 = Debug|Any CPU
		{E5B1EED7-7EC1-BF6A-A97B-68960834CCB3}.Release|Any CPU.ActiveCfg = Release|Any CPU
		{E5B1EED7-7EC1-BF6A-A97B-68960834CCB3}.Release|Any CPU.Build.0 = Release|Any CPU
		{EE3D223D-55FB-9801-7070-2C4ED9A74CEC}.Debug|Any CPU.ActiveCfg = Debug|Any CPU
		{EE3D223D-55FB-9801-7070-2C4ED9A74CEC}.Debug|Any CPU.Build.0 = Debug|Any CPU
		{EE3D223D-55FB-9801-7070-2C4ED9A74CEC}.Release|Any CPU.ActiveCfg = Release|Any CPU
		{EE3D223D-55FB-9801-7070-2C4ED9A74CEC}.Release|Any CPU.Build.0 = Release|Any CPU
		{2A3D6751-5492-A221-1D26-EAFB264F4D3C}.Debug|Any CPU.ActiveCfg = Debug|Any CPU
		{2A3D6751-5492-A221-1D26-EAFB264F4D3C}.Debug|Any CPU.Build.0 = Debug|Any CPU
		{2A3D6751-5492-A221-1D26-EAFB264F4D3C}.Release|Any CPU.ActiveCfg = Release|Any CPU
		{2A3D6751-5492-A221-1D26-EAFB264F4D3C}.Release|Any CPU.Build.0 = Release|Any CPU
	EndGlobalSection
	GlobalSection(SolutionProperties) = preSolution
		HideSolutionNode = FALSE
	EndGlobalSection
EndGlobal
